
Microsoft Visual Studio Solution File, Format Version 12.00
# Visual Studio Version 17
VisualStudioVersion = 17.5.33530.505
MinimumVisualStudioVersion = 10.0.40219.1
Project("{FAE04EC0-301F-11D3-BF4B-00C04F79EFBC}") = "PDC03_MODULE05.Android", "PDC03_MODULE05\PDC03_MODULE05.Android\PDC03_MODULE05.Android.csproj", "{729C7999-6720-40FE-8886-95BFBA8D5205}"
EndProject
Global
	GlobalSection(SolutionConfigurationPlatforms) = preSolution
		Debug|Any CPU = Debug|Any CPU
		Release|Any CPU = Release|Any CPU
	EndGlobalSection
	GlobalSection(ProjectConfigurationPlatforms) = postSolution
		{729C7999-6720-40FE-8886-95BFBA8D5205}.Debug|Any CPU.ActiveCfg = Debug|Any CPU
		{729C7999-6720-40FE-8886-95BFBA8D5205}.Debug|Any CPU.Build.0 = Debug|Any CPU
		{729C7999-6720-40FE-8886-95BFBA8D5205}.Debug|Any CPU.Deploy.0 = Debug|Any CPU
		{729C7999-6720-40FE-8886-95BFBA8D5205}.Release|Any CPU.ActiveCfg = Release|Any CPU
		{729C7999-6720-40FE-8886-95BFBA8D5205}.Release|Any CPU.Build.0 = Release|Any CPU
		{729C7999-6720-40FE-8886-95BFBA8D5205}.Release|Any CPU.Deploy.0 = Release|Any CPU
	EndGlobalSection
	GlobalSection(SolutionProperties) = preSolution
		HideSolutionNode = FALSE
	EndGlobalSection
	GlobalSection(ExtensibilityGlobals) = postSolution
		SolutionGuid = {61541F1D-0CF6-4F66-9451-39D08B9C9174}
	EndGlobalSection
EndGlobal
